
Microsoft Visual Studio Solution File, Format Version 12.00
# Visual Studio Version 17
VisualStudioVersion = 17.11.35219.272
MinimumVisualStudioVersion = 10.0.40219.1
Project("{FAE04EC0-301F-11D3-BF4B-00C04F79EFBC}") = "laba6.6", "laba6.6\laba6.6.csproj", "{A969158F-4140-475E-8431-80DB1EE63F77}"
EndProject
Global
	GlobalSection(SolutionConfigurationPlatforms) = preSolution
		Debug|Any CPU = Debug|Any CPU
		Release|Any CPU = Release|Any CPU
	EndGlobalSection
	GlobalSection(ProjectConfigurationPlatforms) = postSolution
		{A969158F-4140-475E-8431-80DB1EE63F77}.Debug|Any CPU.ActiveCfg = Debug|Any CPU
		{A969158F-4140-475E-8431-80DB1EE63F77}.Debug|Any CPU.Build.0 = Debug|Any CPU
		{A969158F-4140-475E-8431-80DB1EE63F77}.Release|Any CPU.ActiveCfg = Release|Any CPU
		{A969158F-4140-475E-8431-80DB1EE63F77}.Release|Any CPU.Build.0 = Release|Any CPU
	EndGlobalSection
	GlobalSection(SolutionProperties) = preSolution
		HideSolutionNode = FALSE
	EndGlobalSection
	GlobalSection(ExtensibilityGlobals) = postSolution
		SolutionGuid = {463A926A-0AEA-4004-96DA-F7C00A50B0AC}
	EndGlobalSection
EndGlobal
